
Microsoft Visual Studio Solution File, Format Version 12.00
# Visual Studio 15
VisualStudioVersion = 15.0.28307.271
MinimumVisualStudioVersion = 10.0.40219.1
Project("{FAE04EC0-301F-11D3-BF4B-00C04F79EFBC}") = "ConsoleApp", "ConsoleApp\ConsoleApp.csproj", "{5FC266CF-D1FC-4CC0-AA95-4CB0F24F4C86}"
EndProject
Project("{FAE04EC0-301F-11D3-BF4B-00C04F79EFBC}") = "ClassLibrary1", "ClassLibrary1\ClassLibrary1.csproj", "{26474BAF-5275-4D3A-989C-9108F97F6317}"
EndProject
Project("{FAE04EC0-301F-11D3-BF4B-00C04F79EFBC}") = "UnitTestProject", "UnitTestProject\UnitTestProject.csproj", "{BF548349-045D-43E1-B09B-02D66F323AED}"
EndProject
Global
	GlobalSection(SolutionConfigurationPlatforms) = preSolution
		Debug|Any CPU = Debug|Any CPU
		Release|Any CPU = Release|Any CPU
	EndGlobalSection
	GlobalSection(ProjectConfigurationPlatforms) = postSolution
		{5FC266CF-D1FC-4CC0-AA95-4CB0F24F4C86}.Debug|Any CPU.ActiveCfg = Debug|Any CPU
		{5FC266CF-D1FC-4CC0-AA95-4CB0F24F4C86}.Debug|Any CPU.Build.0 = Debug|Any CPU
		{5FC266CF-D1FC-4CC0-AA95-4CB0F24F4C86}.Release|Any CPU.ActiveCfg = Release|Any CPU
		{5FC266CF-D1FC-4CC0-AA95-4CB0F24F4C86}.Release|Any CPU.Build.0 = Release|Any CPU
		{26474BAF-5275-4D3A-989C-9108F97F6317}.Debug|Any CPU.ActiveCfg = Debug|Any CPU
		{26474BAF-5275-4D3A-989C-9108F97F6317}.Debug|Any CPU.Build.0 = Debug|Any CPU
		{26474BAF-5275-4D3A-989C-9108F97F6317}.Release|Any CPU.ActiveCfg = Release|Any CPU
		{26474BAF-5275-4D3A-989C-9108F97F6317}.Release|Any CPU.Build.0 = Release|Any CPU
		{BF548349-045D-43E1-B09B-02D66F323AED}.Debug|Any CPU.ActiveCfg = Debug|Any CPU
		{BF548349-045D-43E1-B09B-02D66F323AED}.Debug|Any CPU.Build.0 = Debug|Any CPU
		{BF548349-045D-43E1-B09B-02D66F323AED}.Release|Any CPU.ActiveCfg = Release|Any CPU
		{BF548349-045D-43E1-B09B-02D66F323AED}.Release|Any CPU.Build.0 = Release|Any CPU
	EndGlobalSection
	GlobalSection(SolutionProperties) = preSolution
		HideSolutionNode = FALSE
	EndGlobalSection
	GlobalSection(ExtensibilityGlobals) = postSolution
		SolutionGuid = {688F341B-6751-4EF0-87A2-5AC2897D9A8B}
	EndGlobalSection
EndGlobal
